
Microsoft Visual Studio Solution File, Format Version 12.00
# Visual Studio Version 17
VisualStudioVersion = 17.10.35027.167
MinimumVisualStudioVersion = 10.0.40219.1
Project("{FAE04EC0-301F-11D3-BF4B-00C04F79EFBC}") = "AseguraYA-Back", "AseguraYA-Back.csproj", "{2A1ADC43-8959-4F90-8000-1CC685A470D2}"
EndProject
Project("{FAE04EC0-301F-11D3-BF4B-00C04F79EFBC}") = "686DP_BE", "D:\Proyects\AseguraYA\Codigo\AseguraYa\686DP_BE\686DP_BE.csproj", "{0370561D-7DF9-4A72-870E-397E65EAA97F}"
EndProject
Project("{FAE04EC0-301F-11D3-BF4B-00C04F79EFBC}") = "686DP_BLL", "D:\Proyects\AseguraYA\Codigo\AseguraYa\686DP_BLL\686DP_BLL.csproj", "{BE7379EB-8D9B-4F0F-A0B4-AE3CBA6050F2}"
EndProject
Project("{FAE04EC0-301F-11D3-BF4B-00C04F79EFBC}") = "686DP_MPP", "D:\Proyects\AseguraYA\Codigo\AseguraYa\686DP_MPP\686DP_MPP.csproj", "{DD70163B-4FB8-4693-94DE-144FE11FB574}"
EndProject
Project("{FAE04EC0-301F-11D3-BF4B-00C04F79EFBC}") = "686DP_DAL", "D:\Proyects\AseguraYA\Codigo\AseguraYa\686DP_Dal\686DP_DAL.csproj", "{6E424721-9E86-4EE5-A443-7DA7952172C1}"
EndProject
Project("{FAE04EC0-301F-11D3-BF4B-00C04F79EFBC}") = "686DP_SERVICIOS", "D:\Proyects\AseguraYA\Codigo\AseguraYa\686DP_SERVICIOS\686DP_SERVICIOS.csproj", "{E2F957F3-0032-4788-915F-F769F8436477}"
EndProject
Global
	GlobalSection(SolutionConfigurationPlatforms) = preSolution
		Debug|Any CPU = Debug|Any CPU
		Release|Any CPU = Release|Any CPU
	EndGlobalSection
	GlobalSection(ProjectConfigurationPlatforms) = postSolution
		{2A1ADC43-8959-4F90-8000-1CC685A470D2}.Debug|Any CPU.ActiveCfg = Debug|Any CPU
		{2A1ADC43-8959-4F90-8000-1CC685A470D2}.Debug|Any CPU.Build.0 = Debug|Any CPU
		{2A1ADC43-8959-4F90-8000-1CC685A470D2}.Release|Any CPU.ActiveCfg = Release|Any CPU
		{2A1ADC43-8959-4F90-8000-1CC685A470D2}.Release|Any CPU.Build.0 = Release|Any CPU
		{0370561D-7DF9-4A72-870E-397E65EAA97F}.Debug|Any CPU.ActiveCfg = Debug|Any CPU
		{0370561D-7DF9-4A72-870E-397E65EAA97F}.Debug|Any CPU.Build.0 = Debug|Any CPU
		{0370561D-7DF9-4A72-870E-397E65EAA97F}.Release|Any CPU.ActiveCfg = Release|Any CPU
		{0370561D-7DF9-4A72-870E-397E65EAA97F}.Release|Any CPU.Build.0 = Release|Any CPU
		{BE7379EB-8D9B-4F0F-A0B4-AE3CBA6050F2}.Debug|Any CPU.ActiveCfg = Debug|Any CPU
		{BE7379EB-8D9B-4F0F-A0B4-AE3CBA6050F2}.Debug|Any CPU.Build.0 = Debug|Any CPU
		{BE7379EB-8D9B-4F0F-A0B4-AE3CBA6050F2}.Release|Any CPU.ActiveCfg = Release|Any CPU
		{BE7379EB-8D9B-4F0F-A0B4-AE3CBA6050F2}.Release|Any CPU.Build.0 = Release|Any CPU
		{DD70163B-4FB8-4693-94DE-144FE11FB574}.Debug|Any CPU.ActiveCfg = Debug|Any CPU
		{DD70163B-4FB8-4693-94DE-144FE11FB574}.Debug|Any CPU.Build.0 = Debug|Any CPU
		{DD70163B-4FB8-4693-94DE-144FE11FB574}.Release|Any CPU.ActiveCfg = Release|Any CPU
		{DD70163B-4FB8-4693-94DE-144FE11FB574}.Release|Any CPU.Build.0 = Release|Any CPU
		{6E424721-9E86-4EE5-A443-7DA7952172C1}.Debug|Any CPU.ActiveCfg = Debug|Any CPU
		{6E424721-9E86-4EE5-A443-7DA7952172C1}.Debug|Any CPU.Build.0 = Debug|Any CPU
		{6E424721-9E86-4EE5-A443-7DA7952172C1}.Release|Any CPU.ActiveCfg = Release|Any CPU
		{6E424721-9E86-4EE5-A443-7DA7952172C1}.Release|Any CPU.Build.0 = Release|Any CPU
		{E2F957F3-0032-4788-915F-F769F8436477}.Debug|Any CPU.ActiveCfg = Debug|Any CPU
		{E2F957F3-0032-4788-915F-F769F8436477}.Debug|Any CPU.Build.0 = Debug|Any CPU
		{E2F957F3-0032-4788-915F-F769F8436477}.Release|Any CPU.ActiveCfg = Release|Any CPU
		{E2F957F3-0032-4788-915F-F769F8436477}.Release|Any CPU.Build.0 = Release|Any CPU
	EndGlobalSection
	GlobalSection(SolutionProperties) = preSolution
		HideSolutionNode = FALSE
	EndGlobalSection
	GlobalSection(ExtensibilityGlobals) = postSolution
		SolutionGuid = {077B051F-D3E1-4BCF-A8C7-3945D1B8030B}
	EndGlobalSection
EndGlobal
